
Microsoft Visual Studio Solution File, Format Version 12.00
# Visual Studio 15
VisualStudioVersion = 15.0.27130.2036
MinimumVisualStudioVersion = 10.0.40219.1
Project("{FAE04EC0-301F-11D3-BF4B-00C04F79EFBC}") = "TecheartIntegrated", "TecheartIntegrated\TecheartIntegrated.csproj", "{A7A20B10-81F7-4167-A6AF-D789A23A2DEA}"
EndProject
Global
	GlobalSection(SolutionConfigurationPlatforms) = preSolution
		Debug|Any CPU = Debug|Any CPU
		Release|Any CPU = Release|Any CPU
	EndGlobalSection
	GlobalSection(ProjectConfigurationPlatforms) = postSolution
		{A7A20B10-81F7-4167-A6AF-D789A23A2DEA}.Debug|Any CPU.ActiveCfg = Debug|Any CPU
		{A7A20B10-81F7-4167-A6AF-D789A23A2DEA}.Debug|Any CPU.Build.0 = Debug|Any CPU
		{A7A20B10-81F7-4167-A6AF-D789A23A2DEA}.Release|Any CPU.ActiveCfg = Release|Any CPU
		{A7A20B10-81F7-4167-A6AF-D789A23A2DEA}.Release|Any CPU.Build.0 = Release|Any CPU
	EndGlobalSection
	GlobalSection(SolutionProperties) = preSolution
		HideSolutionNode = FALSE
	EndGlobalSection
	GlobalSection(ExtensibilityGlobals) = postSolution
		SolutionGuid = {F8C45EA0-F785-4210-8E43-685B31B2B118}
	EndGlobalSection
EndGlobal
